// !$*UTF8*$!
{
	archiveVersion = 1;
	classes = {
	};
	objectVersion = 50;
	objects = {

/* Begin PBXBuildFile section */
		CD4AE7C120AD1C6D005419D4 /* AppDelegate.swift in Sources */ = {isa = PBXBuildFile; fileRef = CD4AE7C020AD1C6D005419D4 /* AppDelegate.swift */; };
		CD4AE7C320AD1C6D005419D4 /* ViewController.swift in Sources */ = {isa = PBXBuildFile; fileRef = CD4AE7C220AD1C6D005419D4 /* ViewController.swift */; };
		CD4AE7C620AD1C6D005419D4 /* Main.storyboard in Resources */ = {isa = PBXBuildFile; fileRef = CD4AE7C420AD1C6D005419D4 /* Main.storyboard */; };
		CD4AE7C820AD1C70005419D4 /* Assets.xcassets in Resources */ = {isa = PBXBuildFile; fileRef = CD4AE7C720AD1C70005419D4 /* Assets.xcassets */; };
		CD4AE7CB20AD1C70005419D4 /* LaunchScreen.storyboard in Resources */ = {isa = PBXBuildFile; fileRef = CD4AE7C920AD1C70005419D4 /* LaunchScreen.storyboard */; };
		CD4AE7D320AD1C91005419D4 /* CocoaBottomPrinciple.swift in Sources */ = {isa = PBXBuildFile; fileRef = CD4AE7D220AD1C91005419D4 /* CocoaBottomPrinciple.swift */; };
		CD65DACA20AECA83000994E5 /* CocoaBase.swift in Sources */ = {isa = PBXBuildFile; fileRef = CD65DAC920AECA83000994E5 /* CocoaBase.swift */; };
		CD65DACC20AED044000994E5 /* CocoaUI.swift in Sources */ = {isa = PBXBuildFile; fileRef = CD65DACB20AED044000994E5 /* CocoaUI.swift */; };
		CDC9C46220AD5F8A00C63B29 /* isa.jpg in Resources */ = {isa = PBXBuildFile; fileRef = CDC9C46120AD5F8A00C63B29 /* isa.jpg */; };
		CDC9C46420AD5F8F00C63B29 /* MutableCopy.png in Resources */ = {isa = PBXBuildFile; fileRef = CDC9C46320AD5F8F00C63B29 /* MutableCopy.png */; };
		CDC9C46620AD5F9800C63B29 /* KVO.png in Resources */ = {isa = PBXBuildFile; fileRef = CDC9C46520AD5F9800C63B29 /* KVO.png */; };
/* End PBXBuildFile section */

/* Begin PBXFileReference section */
		CD4AE7BD20AD1C6D005419D4 /* CocoaBottomPrinciple.app */ = {isa = PBXFileReference; explicitFileType = wrapper.application; includeInIndex = 0; path = CocoaBottomPrinciple.app; sourceTree = BUILT_PRODUCTS_DIR; };
		CD4AE7C020AD1C6D005419D4 /* AppDelegate.swift */ = {isa = PBXFileReference; lastKnownFileType = sourcecode.swift; path = AppDelegate.swift; sourceTree = "<group>"; };
		CD4AE7C220AD1C6D005419D4 /* ViewController.swift */ = {isa = PBXFileReference; lastKnownFileType = sourcecode.swift; path = ViewController.swift; sourceTree = "<group>"; };
		CD4AE7C520AD1C6D005419D4 /* Base */ = {isa = PBXFileReference; lastKnownFileType = file.storyboard; name = Base; path = Base.lproj/Main.storyboard; sourceTree = "<group>"; };
		CD4AE7C720AD1C70005419D4 /* Assets.xcassets */ = {isa = PBXFileReference; lastKnownFileType = folder.assetcatalog; path = Assets.xcassets; sourceTree = "<group>"; };
		CD4AE7CA20AD1C70005419D4 /* Base */ = {isa = PBXFileReference; lastKnownFileType = file.storyboard; name = Base; path = Base.lproj/LaunchScreen.storyboard; sourceTree = "<group>"; };
		CD4AE7CC20AD1C70005419D4 /* Info.plist */ = {isa = PBXFileReference; lastKnownFileType = text.plist.xml; path = Info.plist; sourceTree = "<group>"; };
		CD4AE7D220AD1C91005419D4 /* CocoaBottomPrinciple.swift */ = {isa = PBXFileReference; lastKnownFileType = sourcecode.swift; path = CocoaBottomPrinciple.swift; sourceTree = "<group>"; };
		CD65DAC920AECA83000994E5 /* CocoaBase.swift */ = {isa = PBXFileReference; lastKnownFileType = sourcecode.swift; path = CocoaBase.swift; sourceTree = "<group>"; };
		CD65DACB20AED044000994E5 /* CocoaUI.swift */ = {isa = PBXFileReference; lastKnownFileType = sourcecode.swift; path = CocoaUI.swift; sourceTree = "<group>"; };
		CDC9C46120AD5F8A00C63B29 /* isa.jpg */ = {isa = PBXFileReference; lastKnownFileType = image.jpeg; path = isa.jpg; sourceTree = "<group>"; };
		CDC9C46320AD5F8F00C63B29 /* MutableCopy.png */ = {isa = PBXFileReference; lastKnownFileType = image.png; path = MutableCopy.png; sourceTree = "<group>"; };
		CDC9C46520AD5F9800C63B29 /* KVO.png */ = {isa = PBXFileReference; lastKnownFileType = image.png; path = KVO.png; sourceTree = "<group>"; };
/* End PBXFileReference section */

/* Begin PBXFrameworksBuildPhase section */
		CD4AE7BA20AD1C6D005419D4 /* Frameworks */ = {
			isa = PBXFrameworksBuildPhase;
			buildActionMask = 2147483647;
			files = (
			);
			runOnlyForDeploymentPostprocessing = 0;
		};
/* End PBXFrameworksBuildPhase section */

/* Begin PBXGroup section */
		CD4AE7B420AD1C6D005419D4 = {
			isa = PBXGroup;
			children = (
				CD4AE7BF20AD1C6D005419D4 /* CocoaBottomPrinciple */,
				CD4AE7BE20AD1C6D005419D4 /* Products */,
			);
			sourceTree = "<group>";
		};
		CD4AE7BE20AD1C6D005419D4 /* Products */ = {
			isa = PBXGroup;
			children = (
				CD4AE7BD20AD1C6D005419D4 /* CocoaBottomPrinciple.app */,
			);
			name = Products;
			sourceTree = "<group>";
		};
		CD4AE7BF20AD1C6D005419D4 /* CocoaBottomPrinciple */ = {
			isa = PBXGroup;
			children = (
				CD4AE7C020AD1C6D005419D4 /* AppDelegate.swift */,
				CD4AE7C220AD1C6D005419D4 /* ViewController.swift */,
				CD4AE7D220AD1C91005419D4 /* CocoaBottomPrinciple.swift */,
				CD65DAC920AECA83000994E5 /* CocoaBase.swift */,
				CD65DACB20AED044000994E5 /* CocoaUI.swift */,
				CDC9C46120AD5F8A00C63B29 /* isa.jpg */,
				CDC9C46320AD5F8F00C63B29 /* MutableCopy.png */,
				CDC9C46520AD5F9800C63B29 /* KVO.png */,
				CD4AE7C420AD1C6D005419D4 /* Main.storyboard */,
				CD4AE7C720AD1C70005419D4 /* Assets.xcassets */,
				CD4AE7C920AD1C70005419D4 /* LaunchScreen.storyboard */,
				CD4AE7CC20AD1C70005419D4 /* Info.plist */,
			);
			path = CocoaBottomPrinciple;
			sourceTree = "<group>";
		};
/* End PBXGroup section */

/* Begin PBXNativeTarget section */
		CD4AE7BC20AD1C6D005419D4 /* CocoaBottomPrinciple */ = {
			isa = PBXNativeTarget;
			buildConfigurationList = CD4AE7CF20AD1C70005419D4 /* Build configuration list for PBXNativeTarget "CocoaBottomPrinciple" */;
			buildPhases = (
				CD4AE7B920AD1C6D005419D4 /* Sources */,
				CD4AE7BA20AD1C6D005419D4 /* Frameworks */,
				CD4AE7BB20AD1C6D005419D4 /* Resources */,
			);
			buildRules = (
			);
			dependencies = (
			);
			name = CocoaBottomPrinciple;
			productName = CocoaBottomPrinciple;
			productReference = CD4AE7BD20AD1C6D005419D4 /* CocoaBottomPrinciple.app */;
			productType = "com.apple.product-type.application";
		};
/* End PBXNativeTarget section */

/* Begin PBXProject section */
		CD4AE7B520AD1C6D005419D4 /* Project object */ = {
			isa = PBXProject;
			attributes = {
				LastSwiftUpdateCheck = 0930;
				LastUpgradeCheck = 0930;
				ORGANIZATIONNAME = ginlong;
				TargetAttributes = {
					CD4AE7BC20AD1C6D005419D4 = {
						CreatedOnToolsVersion = 9.3.1;
					};
				};
			};
			buildConfigurationList = CD4AE7B820AD1C6D005419D4 /* Build configuration list for PBXProject "CocoaBottomPrinciple" */;
			compatibilityVersion = "Xcode 9.3";
			developmentRegion = en;
			hasScannedForEncodings = 0;
			knownRegions = (
				en,
				Base,
			);
			mainGroup = CD4AE7B420AD1C6D005419D4;
			productRefGroup = CD4AE7BE20AD1C6D005419D4 /* Products */;
			projectDirPath = "";
			projectRoot = "";
			targets = (
				CD4AE7BC20AD1C6D005419D4 /* CocoaBottomPrinciple */,
			);
		};
/* End PBXProject section */

/* Begin PBXResourcesBuildPhase section */
		CD4AE7BB20AD1C6D005419D4 /* Resources */ = {
			isa = PBXResourcesBuildPhase;
			buildActionMask = 2147483647;
			files = (
				CDC9C46420AD5F8F00C63B29 /* MutableCopy.png in Resources */,
				CDC9C46620AD5F9800C63B29 /* KVO.png in Resources */,
				CD4AE7CB20AD1C70005419D4 /* LaunchScreen.storyboard in Resources */,
				CD4AE7C820AD1C70005419D4 /* Assets.xcassets in Resources */,
				CD4AE7C620AD1C6D005419D4 /* Main.storyboard in Resources */,
				CDC9C46220AD5F8A00C63B29 /* isa.jpg in Resources */,
			);
			runOnlyForDeploymentPostprocessing = 0;
		};
/* End PBXResourcesBuildPhase section */

/* Begin PBXSourcesBuildPhase section */
		CD4AE7B920AD1C6D005419D4 /* Sources */ = {
			isa = PBXSourcesBuildPhase;
			buildActionMask = 2147483647;
			files = (
				CD65DACC20AED044000994E5 /* CocoaUI.swift in Sources */,
				CD4AE7C320AD1C6D005419D4 /* ViewController.swift in Sources */,
				CD4AE7D320AD1C91005419D4 /* CocoaBottomPrinciple.swift in Sources */,
				CD65DACA20AECA83000994E5 /* CocoaBase.swift in Sources */,
				CD4AE7C120AD1C6D005419D4 /* AppDelegate.swift in Sources */,
			);
			runOnlyForDeploymentPostprocessing = 0;
		};
/* End PBXSourcesBuildPhase section */

/* Begin PBXVariantGroup section */
		CD4AE7C420AD1C6D005419D4 /* Main.storyboard */ = {
			isa = PBXVariantGroup;
			children = (
				CD4AE7C520AD1C6D005419D4 /* Base */,
			);
			name = Main.storyboard;
			sourceTree = "<group>";
		};
		CD4AE7C920AD1C70005419D4 /* LaunchScreen.storyboard */ = {
			isa = PBXVariantGroup;
			children = (
				CD4AE7CA20AD1C70005419D4 /* Base */,
			);
			name = LaunchScreen.storyboard;
			sourceTree = "<group>";
		};
/* End PBXVariantGroup section */

/* Begin XCBuildConfiguration section */
		CD4AE7CD20AD1C70005419D4 /* Debug */ = {
			isa = XCBuildConfiguration;
			buildSettings = {
				ALWAYS_SEARCH_USER_PATHS = NO;
				CLANG_ANALYZER_NONNULL = YES;
				CLANG_ANALYZER_NUMBER_OBJECT_CONVERSION = YES_AGGRESSIVE;
				CLANG_CXX_LANGUAGE_STANDARD = "gnu++14";
				CLANG_CXX_LIBRARY = "libc++";
				CLANG_ENABLE_MODULES = YES;
				CLANG_ENABLE_OBJC_ARC = YES;
				CLANG_ENABLE_OBJC_WEAK = YES;
				CLANG_WARN_BLOCK_CAPTURE_AUTORELEASING = YES;
				CLANG_WARN_BOOL_CONVERSION = YES;
				CLANG_WARN_COMMA = YES;
				CLANG_WARN_CONSTANT_CONVERSION = YES;
				CLANG_WARN_DEPRECATED_OBJC_IMPLEMENTATIONS = YES;
				CLANG_WARN_DIRECT_OBJC_ISA_USAGE = YES_ERROR;
				CLANG_WARN_DOCUMENTATION_COMMENTS = YES;
				CLANG_WARN_EMPTY_BODY = YES;
				CLANG_WARN_ENUM_CONVERSION = YES;
				CLANG_WARN_INFINITE_RECURSION = YES;
				CLANG_WARN_INT_CONVERSION = YES;
				CLANG_WARN_NON_LITERAL_NULL_CONVERSION = YES;
				CLANG_WARN_OBJC_IMPLICIT_RETAIN_SELF = YES;
				CLANG_WARN_OBJC_LITERAL_CONVERSION = YES;
				CLANG_WARN_OBJC_ROOT_CLASS = YES_ERROR;
				CLANG_WARN_RANGE_LOOP_ANALYSIS = YES;
				CLANG_WARN_STRICT_PROTOTYPES = YES;
				CLANG_WARN_SUSPICIOUS_MOVE = YES;
				CLANG_WARN_UNGUARDED_AVAILABILITY = YES_AGGRESSIVE;
				CLANG_WARN_UNREACHABLE_CODE = YES;
				CLANG_WARN__DUPLICATE_METHOD_MATCH = YES;
				CODE_SIGN_IDENTITY = "iPhone Developer";
				COPY_PHASE_STRIP = NO;
				DEBUG_INFORMATION_FORMAT = dwarf;
				ENABLE_STRICT_OBJC_MSGSEND = YES;
				ENABLE_TESTABILITY = YES;
				GCC_C_LANGUAGE_STANDARD = gnu11;
				GCC_DYNAMIC_NO_PIC = NO;
				GCC_NO_COMMON_BLOCKS = YES;
				GCC_OPTIMIZATION_LEVEL = 0;
				GCC_PREPROCESSOR_DEFINITIONS = (
					"DEBUG=1",
					"$(inherited)",
				);
				GCC_WARN_64_TO_32_BIT_CONVERSION = YES;
				GCC_WARN_ABOUT_RETURN_TYPE = YES_ERROR;
				GCC_WARN_UNDECLARED_SELECTOR = YES;
				GCC_WARN_UNINITIALIZED_AUTOS = YES_AGGRESSIVE;
				GCC_WARN_UNUSED_FUNCTION = YES;
				GCC_WARN_UNUSED_VARIABLE = YES;
				IPHONEOS_DEPLOYMENT_TARGET = 11.3;
				MTL_ENABLE_DEBUG_INFO = YES;
				ONLY_ACTIVE_ARCH = YES;
				SDKROOT = iphoneos;
				SWIFT_ACTIVE_COMPILATION_CONDITIONS = DEBUG;
				SWIFT_OPTIMIZATION_LEVEL = "-Onone";
			};
			name = Debug;
		};
		CD4AE7CE20AD1C70005419D4 /* Release */ = {
			isa = XCBuildConfiguration;
			buildSettings = {
				ALWAYS_SEARCH_USER_PATHS = NO;
				CLANG_ANALYZER_NONNULL = YES;
				CLANG_ANALYZER_NUMBER_OBJECT_CONVERSION = YES_AGGRESSIVE;
				CLANG_CXX_LANGUAGE_STANDARD = "gnu++14";
				CLANG_CXX_LIBRARY = "libc++";
				CLANG_ENABLE_MODULES = YES;
				CLANG_ENABLE_OBJC_ARC = YES;
				CLANG_ENABLE_OBJC_WEAK = YES;
				CLANG_WARN_BLOCK_CAPTURE_AUTORELEASING = YES;
				CLANG_WARN_BOOL_CONVERSION = YES;
				CLANG_WARN_COMMA = YES;
				CLANG_WARN_CONSTANT_CONVERSION = YES;
				CLANG_WARN_DEPRECATED_OBJC_IMPLEMENTATIONS = YES;
				CLANG_WARN_DIRECT_OBJC_ISA_USAGE = YES_ERROR;
				CLANG_WARN_DOCUMENTATION_COMMENTS = YES;
				CLANG_WARN_EMPTY_BODY = YES;
				CLANG_WARN_ENUM_CONVERSION = YES;
				CLANG_WARN_INFINITE_RECURSION = YES;
				CLANG_WARN_INT_CONVERSION = YES;
				CLANG_WARN_NON_LITERAL_NULL_CONVERSION = YES;
				CLANG_WARN_OBJC_IMPLICIT_RETAIN_SELF = YES;
				CLANG_WARN_OBJC_LITERAL_CONVERSION = YES;
				CLANG_WARN_OBJC_ROOT_CLASS = YES_ERROR;
				CLANG_WARN_RANGE_LOOP_ANALYSIS = YES;
				CLANG_WARN_STRICT_PROTOTYPES = YES;
				CLANG_WARN_SUSPICIOUS_MOVE = YES;
				CLANG_WARN_UNGUARDED_AVAILABILITY = YES_AGGRESSIVE;
				CLANG_WARN_UNREACHABLE_CODE = YES;
				CLANG_WARN__DUPLICATE_METHOD_MATCH = YES;
				CODE_SIGN_IDENTITY = "iPhone Developer";
				COPY_PHASE_STRIP = NO;
				DEBUG_INFORMATION_FORMAT = "dwarf-with-dsym";
				ENABLE_NS_ASSERTIONS = NO;
				ENABLE_STRICT_OBJC_MSGSEND = YES;
				GCC_C_LANGUAGE_STANDARD = gnu11;
				GCC_NO_COMMON_BLOCKS = YES;
				GCC_WARN_64_TO_32_BIT_CONVERSION = YES;
				GCC_WARN_ABOUT_RETURN_TYPE = YES_ERROR;
				GCC_WARN_UNDECLARED_SELECTOR = YES;
				GCC_WARN_UNINITIALIZED_AUTOS = YES_AGGRESSIVE;
				GCC_WARN_UNUSED_FUNCTION = YES;
				GCC_WARN_UNUSED_VARIABLE = YES;
				IPHONEOS_DEPLOYMENT_TARGET = 11.3;
				MTL_ENABLE_DEBUG_INFO = NO;
				SDKROOT = iphoneos;
				SWIFT_COMPILATION_MODE = wholemodule;
				SWIFT_OPTIMIZATION_LEVEL = "-O";
				VALIDATE_PRODUCT = YES;
			};
			name = Release;
		};
		CD4AE7D020AD1C70005419D4 /* Debug */ = {
			isa = XCBuildConfiguration;
			buildSettings = {
				ASSETCATALOG_COMPILER_APPICON_NAME = AppIcon;
				CODE_SIGN_STYLE = Automatic;
				DEVELOPMENT_TEAM = MS6RTU94VW;
				INFOPLIST_FILE = CocoaBottomPrinciple/Info.plist;
				LD_RUNPATH_SEARCH_PATHS = (
					"$(inherited)",
					"@executable_path/Frameworks",
				);
				PRODUCT_BUNDLE_IDENTIFIER = com.ginlong.CocoaBottomPrinciple;
				PRODUCT_NAME = "$(TARGET_NAME)";
				SWIFT_VERSION = 4.0;
				TARGETED_DEVICE_FAMILY = "1,2";
			};
			name = Debug;
		};
		CD4AE7D120AD1C70005419D4 /* Release */ = {
			isa = XCBuildConfiguration;
			buildSettings = {
				ASSETCATALOG_COMPILER_APPICON_NAME = AppIcon;
				CODE_SIGN_STYLE = Automatic;
				DEVELOPMENT_TEAM = MS6RTU94VW;
				INFOPLIST_FILE = CocoaBottomPrinciple/Info.plist;
				LD_RUNPATH_SEARCH_PATHS = (
					"$(inherited)",
					"@executable_path/Frameworks",
				);
				PRODUCT_BUNDLE_IDENTIFIER = com.ginlong.CocoaBottomPrinciple;
				PRODUCT_NAME = "$(TARGET_NAME)";
				SWIFT_VERSION = 4.0;
				TARGETED_DEVICE_FAMILY = "1,2";
			};
			name = Release;
		};
/* End XCBuildConfiguration section */

/* Begin XCConfigurationList section */
		CD4AE7B820AD1C6D005419D4 /* Build configuration list for PBXProject "CocoaBottomPrinciple" */ = {
			isa = XCConfigurationList;
			buildConfigurations = (
				CD4AE7CD20AD1C70005419D4 /* Debug */,
				CD4AE7CE20AD1C70005419D4 /* Release */,
			);
			defaultConfigurationIsVisible = 0;
			defaultConfigurationName = Release;
		};
		CD4AE7CF20AD1C70005419D4 /* Build configuration list for PBXNativeTarget "CocoaBottomPrinciple" */ = {
			isa = XCConfigurationList;
			buildConfigurations = (
				CD4AE7D020AD1C70005419D4 /* Debug */,
				CD4AE7D120AD1C70005419D4 /* Release */,
			);
			defaultConfigurationIsVisible = 0;
			defaultConfigurationName = Release;
		};
/* End XCConfigurationList section */
	};
	rootObject = CD4AE7B520AD1C6D005419D4 /* Project object */;
}
